
Microsoft Visual Studio Solution File, Format Version 12.00
# Visual Studio 15
VisualStudioVersion = 15.0.26403.7
MinimumVisualStudioVersion = 10.0.40219.1
Project("{FAE04EC0-301F-11D3-BF4B-00C04F79EFBC}") = "TrippleD", "TrippleD\TrippleD.csproj", "{9C59F962-7748-4EA0-AB3E-337ADAB2954C}"
EndProject
Project("{FAE04EC0-301F-11D3-BF4B-00C04F79EFBC}") = "TrippleD.Persistence", "TrippleD.Persistence\TrippleD.Persistence.csproj", "{794D0A4C-82E4-4113-8298-8CB02BC68F01}"
EndProject
Project("{FAE04EC0-301F-11D3-BF4B-00C04F79EFBC}") = "TrippleD.Core", "TrippleD.Core\TrippleD.Core.csproj", "{8F4311A8-5A67-4143-8689-D04AB58292AE}"
EndProject
Project("{2150E333-8FDC-42A3-9474-1A3956D46DE8}") = "Modules", "Modules", "{5387B9B2-30D7-4165-835E-A8ABFF49457E}"
EndProject
Project("{2150E333-8FDC-42A3-9474-1A3956D46DE8}") = "Sales", "Sales", "{09DE353F-1A07-4125-A377-D43A433A6FAD}"
EndProject
Project("{2150E333-8FDC-42A3-9474-1A3956D46DE8}") = "Management", "Management", "{8AD3C9D5-DAD0-440B-B98A-6BFE534DE032}"
EndProject
Project("{FAE04EC0-301F-11D3-BF4B-00C04F79EFBC}") = "TrippleD.Sales.Domain", "TrippleD.Sales.Domain\TrippleD.Sales.Domain.csproj", "{FE308389-BC5B-405B-A122-869C5C878BCC}"
EndProject
Project("{FAE04EC0-301F-11D3-BF4B-00C04F79EFBC}") = "TrippleD.Sales.Application", "TrippleD.Sales.Application\TrippleD.Sales.Application.csproj", "{CC5C8767-7EE1-46E8-A854-C97ED790920F}"
EndProject
Project("{FAE04EC0-301F-11D3-BF4B-00C04F79EFBC}") = "TrippleD.SharedKernel", "TrippleD.SharedKernel\TrippleD.SharedKernel.csproj", "{4EF05A64-6181-4EE6-9EAB-AB48FE1BBCB7}"
EndProject
Project("{FAE04EC0-301F-11D3-BF4B-00C04F79EFBC}") = "TrippleD.Management.Application", "TrippleD.Management.Application\TrippleD.Management.Application.csproj", "{3A099926-14DD-474D-AB2D-904B82B7B75B}"
EndProject
Project("{FAE04EC0-301F-11D3-BF4B-00C04F79EFBC}") = "TrippleD.Management.Domain", "TrippleD.Management.Domain\TrippleD.Management.Domain.csproj", "{09CB050A-2D21-4480-8E10-F176748940CD}"
EndProject
Project("{FAE04EC0-301F-11D3-BF4B-00C04F79EFBC}") = "TrippleD.Sales.Persistence", "TrippleD.Sales.Persistence\TrippleD.Sales.Persistence.csproj", "{A9B539C6-8E95-4FD2-B151-A2FB8E0AB95A}"
EndProject
Project("{FAE04EC0-301F-11D3-BF4B-00C04F79EFBC}") = "TrippleD.Events", "TrippleD.Events\TrippleD.Events.csproj", "{901AE853-BA4D-4F37-ACA2-96AF26CC1009}"
EndProject
Project("{FAE04EC0-301F-11D3-BF4B-00C04F79EFBC}") = "TrippleD.Management.Persistence", "TrippleD.Management.Persistence\TrippleD.Management.Persistence.csproj", "{E886DD87-6369-49CC-B903-1506F32354AC}"
EndProject
Global
	GlobalSection(SolutionConfigurationPlatforms) = preSolution
		Debug|Any CPU = Debug|Any CPU
		Release|Any CPU = Release|Any CPU
	EndGlobalSection
	GlobalSection(ProjectConfigurationPlatforms) = postSolution
		{9C59F962-7748-4EA0-AB3E-337ADAB2954C}.Debug|Any CPU.ActiveCfg = Debug|Any CPU
		{9C59F962-7748-4EA0-AB3E-337ADAB2954C}.Debug|Any CPU.Build.0 = Debug|Any CPU
		{9C59F962-7748-4EA0-AB3E-337ADAB2954C}.Release|Any CPU.ActiveCfg = Release|Any CPU
		{9C59F962-7748-4EA0-AB3E-337ADAB2954C}.Release|Any CPU.Build.0 = Release|Any CPU
		{794D0A4C-82E4-4113-8298-8CB02BC68F01}.Debug|Any CPU.ActiveCfg = Debug|Any CPU
		{794D0A4C-82E4-4113-8298-8CB02BC68F01}.Debug|Any CPU.Build.0 = Debug|Any CPU
		{794D0A4C-82E4-4113-8298-8CB02BC68F01}.Release|Any CPU.ActiveCfg = Release|Any CPU
		{794D0A4C-82E4-4113-8298-8CB02BC68F01}.Release|Any CPU.Build.0 = Release|Any CPU
		{8F4311A8-5A67-4143-8689-D04AB58292AE}.Debug|Any CPU.ActiveCfg = Debug|Any CPU
		{8F4311A8-5A67-4143-8689-D04AB58292AE}.Debug|Any CPU.Build.0 = Debug|Any CPU
		{8F4311A8-5A67-4143-8689-D04AB58292AE}.Release|Any CPU.ActiveCfg = Release|Any CPU
		{8F4311A8-5A67-4143-8689-D04AB58292AE}.Release|Any CPU.Build.0 = Release|Any CPU
		{FE308389-BC5B-405B-A122-869C5C878BCC}.Debug|Any CPU.ActiveCfg = Debug|Any CPU
		{FE308389-BC5B-405B-A122-869C5C878BCC}.Debug|Any CPU.Build.0 = Debug|Any CPU
		{FE308389-BC5B-405B-A122-869C5C878BCC}.Release|Any CPU.ActiveCfg = Release|Any CPU
		{FE308389-BC5B-405B-A122-869C5C878BCC}.Release|Any CPU.Build.0 = Release|Any CPU
		{CC5C8767-7EE1-46E8-A854-C97ED790920F}.Debug|Any CPU.ActiveCfg = Debug|Any CPU
		{CC5C8767-7EE1-46E8-A854-C97ED790920F}.Debug|Any CPU.Build.0 = Debug|Any CPU
		{CC5C8767-7EE1-46E8-A854-C97ED790920F}.Release|Any CPU.ActiveCfg = Release|Any CPU
		{CC5C8767-7EE1-46E8-A854-C97ED790920F}.Release|Any CPU.Build.0 = Release|Any CPU
		{4EF05A64-6181-4EE6-9EAB-AB48FE1BBCB7}.Debug|Any CPU.ActiveCfg = Debug|Any CPU
		{4EF05A64-6181-4EE6-9EAB-AB48FE1BBCB7}.Debug|Any CPU.Build.0 = Debug|Any CPU
		{4EF05A64-6181-4EE6-9EAB-AB48FE1BBCB7}.Release|Any CPU.ActiveCfg = Release|Any CPU
		{4EF05A64-6181-4EE6-9EAB-AB48FE1BBCB7}.Release|Any CPU.Build.0 = Release|Any CPU
		{3A099926-14DD-474D-AB2D-904B82B7B75B}.Debug|Any CPU.ActiveCfg = Debug|Any CPU
		{3A099926-14DD-474D-AB2D-904B82B7B75B}.Debug|Any CPU.Build.0 = Debug|Any CPU
		{3A099926-14DD-474D-AB2D-904B82B7B75B}.Release|Any CPU.ActiveCfg = Release|Any CPU
		{3A099926-14DD-474D-AB2D-904B82B7B75B}.Release|Any CPU.Build.0 = Release|Any CPU
		{09CB050A-2D21-4480-8E10-F176748940CD}.Debug|Any CPU.ActiveCfg = Debug|Any CPU
		{09CB050A-2D21-4480-8E10-F176748940CD}.Debug|Any CPU.Build.0 = Debug|Any CPU
		{09CB050A-2D21-4480-8E10-F176748940CD}.Release|Any CPU.ActiveCfg = Release|Any CPU
		{09CB050A-2D21-4480-8E10-F176748940CD}.Release|Any CPU.Build.0 = Release|Any CPU
		{A9B539C6-8E95-4FD2-B151-A2FB8E0AB95A}.Debug|Any CPU.ActiveCfg = Debug|Any CPU
		{A9B539C6-8E95-4FD2-B151-A2FB8E0AB95A}.Debug|Any CPU.Build.0 = Debug|Any CPU
		{A9B539C6-8E95-4FD2-B151-A2FB8E0AB95A}.Release|Any CPU.ActiveCfg = Release|Any CPU
		{A9B539C6-8E95-4FD2-B151-A2FB8E0AB95A}.Release|Any CPU.Build.0 = Release|Any CPU
		{901AE853-BA4D-4F37-ACA2-96AF26CC1009}.Debug|Any CPU.ActiveCfg = Debug|Any CPU
		{901AE853-BA4D-4F37-ACA2-96AF26CC1009}.Debug|Any CPU.Build.0 = Debug|Any CPU
		{901AE853-BA4D-4F37-ACA2-96AF26CC1009}.Release|Any CPU.ActiveCfg = Release|Any CPU
		{901AE853-BA4D-4F37-ACA2-96AF26CC1009}.Release|Any CPU.Build.0 = Release|Any CPU
		{E886DD87-6369-49CC-B903-1506F32354AC}.Debug|Any CPU.ActiveCfg = Debug|Any CPU
		{E886DD87-6369-49CC-B903-1506F32354AC}.Debug|Any CPU.Build.0 = Debug|Any CPU
		{E886DD87-6369-49CC-B903-1506F32354AC}.Release|Any CPU.ActiveCfg = Release|Any CPU
		{E886DD87-6369-49CC-B903-1506F32354AC}.Release|Any CPU.Build.0 = Release|Any CPU
	EndGlobalSection
	GlobalSection(SolutionProperties) = preSolution
		HideSolutionNode = FALSE
	EndGlobalSection
	GlobalSection(NestedProjects) = preSolution
		{09DE353F-1A07-4125-A377-D43A433A6FAD} = {5387B9B2-30D7-4165-835E-A8ABFF49457E}
		{8AD3C9D5-DAD0-440B-B98A-6BFE534DE032} = {5387B9B2-30D7-4165-835E-A8ABFF49457E}
		{FE308389-BC5B-405B-A122-869C5C878BCC} = {09DE353F-1A07-4125-A377-D43A433A6FAD}
		{CC5C8767-7EE1-46E8-A854-C97ED790920F} = {09DE353F-1A07-4125-A377-D43A433A6FAD}
		{3A099926-14DD-474D-AB2D-904B82B7B75B} = {8AD3C9D5-DAD0-440B-B98A-6BFE534DE032}
		{09CB050A-2D21-4480-8E10-F176748940CD} = {8AD3C9D5-DAD0-440B-B98A-6BFE534DE032}
		{A9B539C6-8E95-4FD2-B151-A2FB8E0AB95A} = {09DE353F-1A07-4125-A377-D43A433A6FAD}
		{901AE853-BA4D-4F37-ACA2-96AF26CC1009} = {5387B9B2-30D7-4165-835E-A8ABFF49457E}
		{E886DD87-6369-49CC-B903-1506F32354AC} = {8AD3C9D5-DAD0-440B-B98A-6BFE534DE032}
	EndGlobalSection
EndGlobal
