
Microsoft Visual Studio Solution File, Format Version 12.00
# Visual Studio 15
VisualStudioVersion = 15.0.26403.7
MinimumVisualStudioVersion = 10.0.40219.1
Project("{FAE04EC0-301F-11D3-BF4B-00C04F79EFBC}") = "TrippleD", "TrippleD\TrippleD.csproj", "{9C59F962-7748-4EA0-AB3E-337ADAB2954C}"
EndProject
Project("{FAE04EC0-301F-11D3-BF4B-00C04F79EFBC}") = "TrippleD.Core", "TrippleD.Core\TrippleD.Core.csproj", "{8F4311A8-5A67-4143-8689-D04AB58292AE}"
EndProject
Project("{FAE04EC0-301F-11D3-BF4B-00C04F79EFBC}") = "TrippleD.Domain", "TrippleD.Domain\TrippleD.Domain.csproj", "{FE308389-BC5B-405B-A122-869C5C878BCC}"
EndProject
Project("{FAE04EC0-301F-11D3-BF4B-00C04F79EFBC}") = "TrippleD.Application", "TrippleD.Application\TrippleD.Application.csproj", "{CC5C8767-7EE1-46E8-A854-C97ED790920F}"
EndProject
Project("{FAE04EC0-301F-11D3-BF4B-00C04F79EFBC}") = "TrippleD.SharedKernel", "TrippleD.SharedKernel\TrippleD.SharedKernel.csproj", "{4EF05A64-6181-4EE6-9EAB-AB48FE1BBCB7}"
EndProject
Project("{FAE04EC0-301F-11D3-BF4B-00C04F79EFBC}") = "TrippleD.WebApi", "TrippleD.WebApi\TrippleD.WebApi.csproj", "{15A1F6B8-DEE6-453F-B216-92B7379CB44C}"
EndProject
Project("{9A19103F-16F7-4668-BE54-9A1E7A4F7556}") = "TrippleD.Persistence", "TrippleD.Persistence\TrippleD.Persistence.csproj", "{AE6BE933-BDA4-4746-8829-372C929D5094}"
EndProject
Global
	GlobalSection(SolutionConfigurationPlatforms) = preSolution
		Debug|Any CPU = Debug|Any CPU
		Release|Any CPU = Release|Any CPU
	EndGlobalSection
	GlobalSection(ProjectConfigurationPlatforms) = postSolution
		{9C59F962-7748-4EA0-AB3E-337ADAB2954C}.Debug|Any CPU.ActiveCfg = Debug|Any CPU
		{9C59F962-7748-4EA0-AB3E-337ADAB2954C}.Debug|Any CPU.Build.0 = Debug|Any CPU
		{9C59F962-7748-4EA0-AB3E-337ADAB2954C}.Release|Any CPU.ActiveCfg = Release|Any CPU
		{9C59F962-7748-4EA0-AB3E-337ADAB2954C}.Release|Any CPU.Build.0 = Release|Any CPU
		{8F4311A8-5A67-4143-8689-D04AB58292AE}.Debug|Any CPU.ActiveCfg = Debug|Any CPU
		{8F4311A8-5A67-4143-8689-D04AB58292AE}.Debug|Any CPU.Build.0 = Debug|Any CPU
		{8F4311A8-5A67-4143-8689-D04AB58292AE}.Release|Any CPU.ActiveCfg = Release|Any CPU
		{8F4311A8-5A67-4143-8689-D04AB58292AE}.Release|Any CPU.Build.0 = Release|Any CPU
		{FE308389-BC5B-405B-A122-869C5C878BCC}.Debug|Any CPU.ActiveCfg = Debug|Any CPU
		{FE308389-BC5B-405B-A122-869C5C878BCC}.Debug|Any CPU.Build.0 = Debug|Any CPU
		{FE308389-BC5B-405B-A122-869C5C878BCC}.Release|Any CPU.ActiveCfg = Release|Any CPU
		{FE308389-BC5B-405B-A122-869C5C878BCC}.Release|Any CPU.Build.0 = Release|Any CPU
		{CC5C8767-7EE1-46E8-A854-C97ED790920F}.Debug|Any CPU.ActiveCfg = Debug|Any CPU
		{CC5C8767-7EE1-46E8-A854-C97ED790920F}.Debug|Any CPU.Build.0 = Debug|Any CPU
		{CC5C8767-7EE1-46E8-A854-C97ED790920F}.Release|Any CPU.ActiveCfg = Release|Any CPU
		{CC5C8767-7EE1-46E8-A854-C97ED790920F}.Release|Any CPU.Build.0 = Release|Any CPU
		{4EF05A64-6181-4EE6-9EAB-AB48FE1BBCB7}.Debug|Any CPU.ActiveCfg = Debug|Any CPU
		{4EF05A64-6181-4EE6-9EAB-AB48FE1BBCB7}.Debug|Any CPU.Build.0 = Debug|Any CPU
		{4EF05A64-6181-4EE6-9EAB-AB48FE1BBCB7}.Release|Any CPU.ActiveCfg = Release|Any CPU
		{4EF05A64-6181-4EE6-9EAB-AB48FE1BBCB7}.Release|Any CPU.Build.0 = Release|Any CPU
		{15A1F6B8-DEE6-453F-B216-92B7379CB44C}.Debug|Any CPU.ActiveCfg = Debug|Any CPU
		{15A1F6B8-DEE6-453F-B216-92B7379CB44C}.Debug|Any CPU.Build.0 = Debug|Any CPU
		{15A1F6B8-DEE6-453F-B216-92B7379CB44C}.Release|Any CPU.ActiveCfg = Release|Any CPU
		{15A1F6B8-DEE6-453F-B216-92B7379CB44C}.Release|Any CPU.Build.0 = Release|Any CPU
		{AE6BE933-BDA4-4746-8829-372C929D5094}.Debug|Any CPU.ActiveCfg = Debug|Any CPU
		{AE6BE933-BDA4-4746-8829-372C929D5094}.Debug|Any CPU.Build.0 = Debug|Any CPU
		{AE6BE933-BDA4-4746-8829-372C929D5094}.Release|Any CPU.ActiveCfg = Release|Any CPU
		{AE6BE933-BDA4-4746-8829-372C929D5094}.Release|Any CPU.Build.0 = Release|Any CPU
	EndGlobalSection
	GlobalSection(SolutionProperties) = preSolution
		HideSolutionNode = FALSE
	EndGlobalSection
EndGlobal
